HANGOVER_COMMIT=2e8ad15d5b7b87ef0e1520bf9fec2ecfb31fd1b1
PATCH_SHA256=655c82ee724c7a6384464d62a2d9cbf4a67508c6273fb0ebcaed997a9d8c902a
WINESERVER_SHA256=6abd74fdd2d777176dc28debfb49a110077b59f183855f5529792c65a489d7d0
NTDLL_SO_SHA256=bc08f1119c249518599cf8f343ca8a56c64a0bb53b4d731e5893d624f6c9140f
NTDLL_I386_SHA256=da5363ff05bd48dd8a9268451d7d7968c2c95bd6686998951f466b3dfa230002
NTDLL_AARCH64_SHA256=f57b8998a5c06e23a36096eb16ce5c3d20af3d11fd925979c2d5ea0c1c329471
