HANGOVER_COMMIT=628d1aeb09803d3fa9170023e7203060e955bfe8
PATCH_SHA256=655c82ee724c7a6384464d62a2d9cbf4a67508c6273fb0ebcaed997a9d8c902a
WINESERVER_SHA256=5e8a34f12eae3e75c5eaba2802f2a2150993bf9392d31945992a4d2f9e289dec
NTDLL_SO_SHA256=0cc8e152bee068328138050a1bf4fd21dcc572304ad7f7edd545fbc9ac217075
NTDLL_I386_SHA256=f770180e41c77fcff70b11a7f684064621ff438f2e98ca7e9e3dcce9b769ff03
NTDLL_AARCH64_SHA256=8fd8924f748962377167085250ca8f5a8f3ec4163d98755538eb4476c6802668
