PACKAGE_VERSION=0.1.2
PACKAGE_REVISION=8
BOOTSTRAP_FILENAME=steam-arm64-termux-0.1.2-bootstrap.tar.zst
BOOTSTRAP_SIZE=6885616
BOOTSTRAP_SHA256=7898cc034b3408740107fc9dbc6b80235404a58dec6aaf462cfa0cb359a0b42f
BOOTSTRAP_URL=https://github.com/moio9/steam-arm64-termux/releases/download/v0.1.2/steam-arm64-termux-0.1.2-bootstrap.tar.zst
