PACKAGE_VERSION=0.1.3
PACKAGE_REVISION=1
BOOTSTRAP_FILENAME=steam-arm64-termux-0.1.3-bootstrap.tar.zst
BOOTSTRAP_SIZE=6896072
BOOTSTRAP_SHA256=ad58639970f65d6e9b1b28e7ab12fccf521a9866f09bb1d9013158863efdce7c
BOOTSTRAP_URL=https://github.com/moio9/steam-arm64-termux/releases/download/v0.1.3/steam-arm64-termux-0.1.3-bootstrap.tar.zst
