# Immutable upstream inputs for the Termux ARM64 lsteamclient build.
PROTON_REPOSITORY=https://github.com/ValveSoftware/Proton.git
PROTON_TAG=proton-11.0-2
PROTON_COMMIT=db9e6ffbf24a95b104fb699dd62532c70a2f9a51
PROTON_WINE_COMMIT=dc26e61847081a1b5cb0733dc30feba6ee575482
WINE_LIST_SHA256=0a26ad30970b147c06f2068e6e419f88b638db03414aed653fc4df594ef73ae7
PATCH_SHA256=8a90f09563c663ca0756a2f8cc8ba19ebc4548d0e38358a643dc536d3abc1acf
